
Microsoft Visual Studio Solution File, Format Version 12.00
# Visual Studio Version 17
VisualStudioVersion = 17.3.32922.545
MinimumVisualStudioVersion = 10.0.40219.1
Project("{9A19103F-16F7-4668-BE54-9A1E7A4F7556}") = "CoreDemo", "CoreDemo\CoreDemo.csproj", "{28FDC7F1-F4D0-4430-BEC8-C083979072CA}"
EndProject
Project("{9A19103F-16F7-4668-BE54-9A1E7A4F7556}") = "EntityLayer", "EntityLayer\EntityLayer.csproj", "{61CE8D2C-3366-4755-BCDC-BA50B2D3DDEE}"
EndProject
Project("{9A19103F-16F7-4668-BE54-9A1E7A4F7556}") = "DataAccessLayer", "DataAccessLayer\DataAccessLayer.csproj", "{B84AFFCB-6650-4339-96E9-EBE834D70386}"
EndProject
Project("{9A19103F-16F7-4668-BE54-9A1E7A4F7556}") = "BusinessLayer", "BusinessLayer\BusinessLayer.csproj", "{6559A04E-498E-4112-AB80-2D3F5A287182}"
EndProject
Project("{9A19103F-16F7-4668-BE54-9A1E7A4F7556}") = "CoreLayer", "CoreLayer\CoreLayer.csproj", "{578F4FD4-D47A-4A92-9487-D5FA0265C20C}"
EndProject
Project("{9A19103F-16F7-4668-BE54-9A1E7A4F7556}") = "BlogApiDemo", "BlogApiDemo\BlogApiDemo.csproj", "{4BF77853-4F17-4CD3-AAAD-E1323131B1FE}"
EndProject
Project("{FAE04EC0-301F-11D3-BF4B-00C04F79EFBC}") = "jwt_core_proje_kampi", "jwt_core_proje_kampi\jwt_core_proje_kampi.csproj", "{CC600DE3-7554-4128-BB4B-5B6429F12806}"
EndProject
Global
	GlobalSection(SolutionConfigurationPlatforms) = preSolution
		Debug|Any CPU = Debug|Any CPU
		Release|Any CPU = Release|Any CPU
	EndGlobalSection
	GlobalSection(ProjectConfigurationPlatforms) = postSolution
		{28FDC7F1-F4D0-4430-BEC8-C083979072CA}.Debug|Any CPU.ActiveCfg = Debug|Any CPU
		{28FDC7F1-F4D0-4430-BEC8-C083979072CA}.Debug|Any CPU.Build.0 = Debug|Any CPU
		{28FDC7F1-F4D0-4430-BEC8-C083979072CA}.Release|Any CPU.ActiveCfg = Release|Any CPU
		{28FDC7F1-F4D0-4430-BEC8-C083979072CA}.Release|Any CPU.Build.0 = Release|Any CPU
		{61CE8D2C-3366-4755-BCDC-BA50B2D3DDEE}.Debug|Any CPU.ActiveCfg = Debug|Any CPU
		{61CE8D2C-3366-4755-BCDC-BA50B2D3DDEE}.Debug|Any CPU.Build.0 = Debug|Any CPU
		{61CE8D2C-3366-4755-BCDC-BA50B2D3DDEE}.Release|Any CPU.ActiveCfg = Release|Any CPU
		{61CE8D2C-3366-4755-BCDC-BA50B2D3DDEE}.Release|Any CPU.Build.0 = Release|Any CPU
		{B84AFFCB-6650-4339-96E9-EBE834D70386}.Debug|Any CPU.ActiveCfg = Debug|Any CPU
		{B84AFFCB-6650-4339-96E9-EBE834D70386}.Debug|Any CPU.Build.0 = Debug|Any CPU
		{B84AFFCB-6650-4339-96E9-EBE834D70386}.Release|Any CPU.ActiveCfg = Release|Any CPU
		{B84AFFCB-6650-4339-96E9-EBE834D70386}.Release|Any CPU.Build.0 = Release|Any CPU
		{6559A04E-498E-4112-AB80-2D3F5A287182}.Debug|Any CPU.ActiveCfg = Debug|Any CPU
		{6559A04E-498E-4112-AB80-2D3F5A287182}.Debug|Any CPU.Build.0 = Debug|Any CPU
		{6559A04E-498E-4112-AB80-2D3F5A287182}.Release|Any CPU.ActiveCfg = Release|Any CPU
		{6559A04E-498E-4112-AB80-2D3F5A287182}.Release|Any CPU.Build.0 = Release|Any CPU
		{578F4FD4-D47A-4A92-9487-D5FA0265C20C}.Debug|Any CPU.ActiveCfg = Debug|Any CPU
		{578F4FD4-D47A-4A92-9487-D5FA0265C20C}.Debug|Any CPU.Build.0 = Debug|Any CPU
		{578F4FD4-D47A-4A92-9487-D5FA0265C20C}.Release|Any CPU.ActiveCfg = Release|Any CPU
		{578F4FD4-D47A-4A92-9487-D5FA0265C20C}.Release|Any CPU.Build.0 = Release|Any CPU
		{4BF77853-4F17-4CD3-AAAD-E1323131B1FE}.Debug|Any CPU.ActiveCfg = Debug|Any CPU
		{4BF77853-4F17-4CD3-AAAD-E1323131B1FE}.Debug|Any CPU.Build.0 = Debug|Any CPU
		{4BF77853-4F17-4CD3-AAAD-E1323131B1FE}.Release|Any CPU.ActiveCfg = Release|Any CPU
		{4BF77853-4F17-4CD3-AAAD-E1323131B1FE}.Release|Any CPU.Build.0 = Release|Any CPU
		{CC600DE3-7554-4128-BB4B-5B6429F12806}.Debug|Any CPU.ActiveCfg = Debug|Any CPU
		{CC600DE3-7554-4128-BB4B-5B6429F12806}.Debug|Any CPU.Build.0 = Debug|Any CPU
		{CC600DE3-7554-4128-BB4B-5B6429F12806}.Release|Any CPU.ActiveCfg = Release|Any CPU
		{CC600DE3-7554-4128-BB4B-5B6429F12806}.Release|Any CPU.Build.0 = Release|Any CPU
	EndGlobalSection
	GlobalSection(SolutionProperties) = preSolution
		HideSolutionNode = FALSE
	EndGlobalSection
	GlobalSection(ExtensibilityGlobals) = postSolution
		SolutionGuid = {783E1E6B-FC04-4EAB-A665-CCB36CC8A556}
	EndGlobalSection
EndGlobal
